{
    "name": "background-cover",
    "version": "2.3.2",
    "lockfileVersion": 2,
    "requires": true,
    "packages": {
        "": {
            "name": "background-cover",
            "version": "2.3.2",
            "hasInstallScript": true,
            "license": "ISC",
            "devDependencies": {
                "@types/mocha": "^5.2.7",
                "@types/node": "^12.20.42",
                "typescript": "^4.5.4",
                "vscode": "^1.1.37"
            },
            "engines": {
                "vscode": "^1.38.0"
            }
        },
        "node_modules/@tootallnate/once": {
            "version": "1.1.2",
            "resolved": "https://registry.npmmirror.com/@tootallnate/once/-/once-1.1.2.tgz",
            "integrity": "sha512-RbzJvlNzmRq5c3O09UipeuXno4tA1FE6ikOjxZK0tuxVv3412l64l5t1W5pj4+rJq9vpkm/kwiR07aZXnsKPxw==",
            "dev": true,
            "engines": {
                "node": ">= 6"
            }
        },
        "node_modules/@types/mocha": {
            "version": "5.2.7",
            "resolved": "https://registry.npmmirror.com/@types/mocha/-/mocha-5.2.7.tgz",
            "integrity": "sha512-NYrtPht0wGzhwe9+/idPaBB+TqkY9AhTvOLMkThm0IoEfLaiVQZwBwyJ5puCkO3AUCWrmcoePjp2mbFocKy4SQ==",
            "dev": true
        },
        "node_modules/@types/node": {
            "version": "12.20.55",
            "resolved": "https://registry.npmmirror.com/@types/node/-/node-12.20.55.tgz",
            "integrity": "sha512-J8xLz7q2OFulZ2cyGTLE1TbbZcjpno7FaN6zdJNrgAdrJ+DZzh/uFR6YrTb4C+nXakvud8Q4+rbhoIWlYQbUFQ==",
            "dev": true
        },
        "node_modules/agent-base": {
            "version": "6.0.2",
            "resolved": "https://registry.npmmirror.com/agent-base/-/agent-base-6.0.2.tgz",
            "integrity": "sha512-RZNwNclF7+MS/8bDg70amg32dyeZGZxiDuQmZxKLAlQjr3jGyLx+4Kkk58UO7D2QdgFIQCovuSuZESne6RG6XQ==",
            "dev": true,
            "dependencies": {
                "debug": "4"
            },
            "engines": {
                "node": ">= 6.0.0"
            }
        },
        "node_modules/balanced-match": {
            "version": "1.0.2",
            "resolved": "https://registry.npmmirror.com/balanced-match/-/balanced-match-1.0.2.tgz",
            "integrity": "sha512-3oSeUO0TMV67hN1AmbXsK4yaqU7tjiHlbxRDZOpH0KW9+CeX4bRAaX0Anxt0tx2MrpRpWwQaPwIlISEJhYU5Pw==",
            "dev": true
        },
        "node_modules/brace-expansion": {
            "version": "1.1.11",
            "resolved": "https://registry.npmmirror.com/brace-expansion/-/brace-expansion-1.1.11.tgz",
            "integrity": "sha512-iCuPHDFgrHX7H2vEI/5xpz07zSHB00TpugqhmYtVmMO6518mCuRMoOYFldEBl0g187ufozdaHgWKcYFb61qGiA==",
            "dev": true,
            "dependencies": {
                "balanced-match": "^1.0.0",
                "concat-map": "0.0.1"
            }
        },
        "node_modules/browser-stdout": {
            "version": "1.3.1",
            "resolved": "https://registry.npmmirror.com/browser-stdout/-/browser-stdout-1.3.1.tgz",
            "integrity": "sha512-qhAVI1+Av2X7qelOfAIYwXONood6XlZE/fXaBSmW/T5SzLAmCgzi+eiWE7fUvbHaeNBQH13UftjpXxsfLkMpgw==",
            "dev": true
        },
        "node_modules/buffer-from": {
            "version": "1.1.2",
            "resolved": "https://registry.npmmirror.com/buffer-from/-/buffer-from-1.1.2.tgz",
            "integrity": "sha512-E+XQCRwSbaaiChtv6k6Dwgc+bx+Bs6vuKJHHl5kox/BaKbhiXzqQOwK4cO22yElGp2OCmjwVhT3HmxgyPGnJfQ==",
            "dev": true
        },
        "node_modules/commander": {
            "version": "2.15.1",
            "resolved": "https://registry.npmmirror.com/commander/-/commander-2.15.1.tgz",
            "integrity": "sha512-VlfT9F3V0v+jr4yxPc5gg9s62/fIVWsd2Bk2iD435um1NlGMYdVCq+MjcXnhYq2icNOizHr1kK+5TI6H0Hy0ag==",
            "dev": true
        },
        "node_modules/concat-map": {
            "version": "0.0.1",
            "resolved": "https://registry.npmmirror.com/concat-map/-/concat-map-0.0.1.tgz",
            "integrity": "sha512-/Srv4dswyQNBfohGpz9o6Yb3Gz3SrUDqBH5rTuhGR7ahtlbYKnVxw2bCFMRljaA7EXHaXZ8wsHdodFvbkhKmqg==",
            "dev": true
        },
        "node_modules/debug": {
            "version": "4.3.4",
            "resolved": "https://registry.npmmirror.com/debug/-/debug-4.3.4.tgz",
            "integrity": "sha512-PRWFHuSU3eDtQJPvnNY7Jcket1j0t5OuOsFzPPzsekD52Zl8qUfFIPEiswXqIvHWGVHOgX+7G/vCNNhehwxfkQ==",
            "dev": true,
            "dependencies": {
                "ms": "2.1.2"
            },
            "engines": {
                "node": ">=6.0"
            },
            "peerDependenciesMeta": {
                "supports-color": {
                    "optional": true
                }
            }
        },
        "node_modules/diff": {
            "version": "3.5.0",
            "resolved": "https://registry.npmmirror.com/diff/-/diff-3.5.0.tgz",
            "integrity": "sha512-A46qtFgd+g7pDZinpnwiRJtxbC1hpgf0uzP3iG89scHk0AUC7A1TGxf5OiiOUv/JMZR8GOt8hL900hV0bOy5xA==",
            "dev": true,
            "engines": {
                "node": ">=0.3.1"
            }
        },
        "node_modules/es6-promise": {
            "version": "4.2.8",
            "resolved": "https://registry.npmmirror.com/es6-promise/-/es6-promise-4.2.8.tgz",
            "integrity": "sha512-HJDGx5daxeIvxdBxvG2cb9g4tEvwIk3i8+nhX0yGrYmZUzbkdg8QbDevheDB8gd0//uPj4c1EQua8Q+MViT0/w==",
            "dev": true
        },
        "node_modules/es6-promisify": {
            "version": "5.0.0",
            "resolved": "https://registry.npmmirror.com/es6-promisify/-/es6-promisify-5.0.0.tgz",
            "integrity": "sha512-C+d6UdsYDk0lMebHNR4S2NybQMMngAOnOwYBQjTOiv0MkoJMP0Myw2mgpDLBcpfCmRLxyFqYhS/CfOENq4SJhQ==",
            "dev": true,
            "dependencies": {
                "es6-promise": "^4.0.3"
            }
        },
        "node_modules/escape-string-regexp": {
            "version": "1.0.5",
            "resolved": "https://registry.npmmirror.com/escape-string-regexp/-/escape-string-regexp-1.0.5.tgz",
            "integrity": "sha512-vbRorB5FUQWvla16U8R/qgaFIya2qGzwDrNmCZuYKrbdSUMG6I1ZCGQRefkRVhuOkIGVne7BQ35DSfo1qvJqFg==",
            "dev": true,
            "engines": {
                "node": ">=0.8.0"
            }
        },
        "node_modules/fs.realpath": {
            "version": "1.0.0",
            "resolved": "https://registry.npmmirror.com/fs.realpath/-/fs.realpath-1.0.0.tgz",
            "integrity": "sha512-OO0pH2lK6a0hZnAdau5ItzHPI6pUlvI7jMVnxUQRtw4owF2wk8lOSabtGDCTP4Ggrg2MbGnWO9X8K1t4+fGMDw==",
            "dev": true
        },
        "node_modules/glob": {
            "version": "7.2.3",
            "resolved": "https://registry.npmmirror.com/glob/-/glob-7.2.3.tgz",
            "integrity": "sha512-nFR0zLpU2YCaRxwoCJvL6UvCH2JFyFVIvwTLsIf21AuHlMskA1hhTdk+LlYJtOlYt9v6dvszD2BGRqBL+iQK9Q==",
            "dev": true,
            "dependencies": {
                "fs.realpath": "^1.0.0",
                "inflight": "^1.0.4",
                "inherits": "2",
                "minimatch": "^3.1.1",
                "once": "^1.3.0",
                "path-is-absolute": "^1.0.0"
            },
            "engines": {
                "node": "*"
            }
        },
        "node_modules/growl": {
            "version": "1.10.5",
            "resolved": "https://registry.npmmirror.com/growl/-/growl-1.10.5.tgz",
            "integrity": "sha512-qBr4OuELkhPenW6goKVXiv47US3clb3/IbuWF9KNKEijAy9oeHxU9IgzjvJhHkUzhaj7rOUD7+YGWqUjLp5oSA==",
            "dev": true,
            "engines": {
                "node": ">=4.x"
            }
        },
        "node_modules/has-flag": {
            "version": "3.0.0",
            "resolved": "https://registry.npmmirror.com/has-flag/-/has-flag-3.0.0.tgz",
            "integrity": "sha512-sKJf1+ceQBr4SMkvQnBDNDtf4TXpVhVGateu0t918bl30FnbE2m4vNLX+VWe/dpjlb+HugGYzW7uQXH98HPEYw==",
            "dev": true,
            "engines": {
                "node": ">=4"
            }
        },
        "node_modules/he": {
            "version": "1.1.1",
            "resolved": "https://registry.npmmirror.com/he/-/he-1.1.1.tgz",
            "integrity": "sha512-z/GDPjlRMNOa2XJiB4em8wJpuuBfrFOlYKTZxtpkdr1uPdibHI8rYA3MY0KDObpVyaes0e/aunid/t88ZI2EKA==",
            "dev": true,
            "bin": {
                "he": "bin/he"
            }
        },
        "node_modules/http-proxy-agent": {
            "version": "4.0.1",
            "resolved": "https://registry.npmmirror.com/http-proxy-agent/-/http-proxy-agent-4.0.1.tgz",
            "integrity": "sha512-k0zdNgqWTGA6aeIRVpvfVob4fL52dTfaehylg0Y4UvSySvOq/Y+BOyPrgpUrA7HylqvU8vIZGsRuXmspskV0Tg==",
            "dev": true,
            "dependencies": {
                "@tootallnate/once": "1",
                "agent-base": "6",
                "debug": "4"
            },
            "engines": {
                "node": ">= 6"
            }
        },
        "node_modules/https-proxy-agent": {
            "version": "5.0.1",
            "resolved": "https://registry.npmmirror.com/https-proxy-agent/-/https-proxy-agent-5.0.1.tgz",
            "integrity": "sha512-dFcAjpTQFgoLMzC2VwU+C/CbS7uRL0lWmxDITmqm7C+7F0Odmj6s9l6alZc6AELXhrnggM2CeWSXHGOdX2YtwA==",
            "dev": true,
            "dependencies": {
                "agent-base": "6",
                "debug": "4"
            },
            "engines": {
                "node": ">= 6"
            }
        },
        "node_modules/inflight": {
            "version": "1.0.6",
            "resolved": "https://registry.npmmirror.com/inflight/-/inflight-1.0.6.tgz",
            "integrity": "sha512-k92I/b08q4wvFscXCLvqfsHCrjrF7yiXsQuIVvVE7N82W3+aqpzuUdBbfhWcy/FZR3/4IgflMgKLOsvPDrGCJA==",
            "dev": true,
            "dependencies": {
                "once": "^1.3.0",
                "wrappy": "1"
            }
        },
        "node_modules/inherits": {
            "version": "2.0.4",
            "resolved": "https://registry.npmmirror.com/inherits/-/inherits-2.0.4.tgz",
            "integrity": "sha512-k/vGaX4/Yla3WzyMCvTQOXYeIHvqOKtnqBduzTHpzpQZzAskKMhZ2K+EnBiSM9zGSoIFeMpXKxa4dYeZIQqewQ==",
            "dev": true
        },
        "node_modules/minimatch": {
            "version": "3.1.2",
            "resolved": "https://registry.npmmirror.com/minimatch/-/minimatch-3.1.2.tgz",
            "integrity": "sha512-J7p63hRiAjw1NDEww1W7i37+ByIrOWO5XQQAzZ3VOcL0PNybwpfmV/N05zFAzwQ9USyEcX6t3UO+K5aqBQOIHw==",
            "dev": true,
            "dependencies": {
                "brace-expansion": "^1.1.7"
            },
            "engines": {
                "node": "*"
            }
        },
        "node_modules/minimist": {
            "version": "0.0.8",
            "resolved": "https://registry.npmmirror.com/minimist/-/minimist-0.0.8.tgz",
            "integrity": "sha512-miQKw5Hv4NS1Psg2517mV4e4dYNaO3++hjAvLOAzKqZ61rH8NS1SK+vbfBWZ5PY/Me/bEWhUwqMghEW5Fb9T7Q==",
            "dev": true
        },
        "node_modules/mkdirp": {
            "version": "0.5.1",
            "resolved": "https://registry.npmmirror.com/mkdirp/-/mkdirp-0.5.1.tgz",
            "integrity": "sha512-SknJC52obPfGQPnjIkXbmA6+5H15E+fR+E4iR2oQ3zzCLbd7/ONua69R/Gw7AgkTLsRG+r5fzksYwWe1AgTyWA==",
            "deprecated": "Legacy versions of mkdirp are no longer supported. Please update to mkdirp 1.x. (Note that the API surface has changed to use Promises in 1.x.)",
            "dev": true,
            "dependencies": {
                "minimist": "0.0.8"
            },
            "bin": {
                "mkdirp": "bin/cmd.js"
            }
        },
        "node_modules/mocha": {
            "version": "5.2.0",
            "resolved": "https://registry.npmmirror.com/mocha/-/mocha-5.2.0.tgz",
            "integrity": "sha512-2IUgKDhc3J7Uug+FxMXuqIyYzH7gJjXECKe/w43IGgQHTSj3InJi+yAA7T24L9bQMRKiUEHxEX37G5JpVUGLcQ==",
            "dev": true,
            "dependencies": {
                "browser-stdout": "1.3.1",
                "commander": "2.15.1",
                "debug": "3.1.0",
                "diff": "3.5.0",
                "escape-string-regexp": "1.0.5",
                "glob": "7.1.2",
                "growl": "1.10.5",
                "he": "1.1.1",
                "minimatch": "3.0.4",
                "mkdirp": "0.5.1",
                "supports-color": "5.4.0"
            },
            "bin": {
                "_mocha": "bin/_mocha",
                "mocha": "bin/mocha"
            },
            "engines": {
                "node": ">= 4.0.0"
            }
        },
        "node_modules/mocha/node_modules/debug": {
            "version": "3.1.0",
            "resolved": "https://registry.npmmirror.com/debug/-/debug-3.1.0.tgz",
            "integrity": "sha512-OX8XqP7/1a9cqkxYw2yXss15f26NKWBpDXQd0/uK/KPqdQhxbPa994hnzjcE2VqQpDslf55723cKPUOGSmMY3g==",
            "dev": true,
            "dependencies": {
                "ms": "2.0.0"
            }
        },
        "node_modules/mocha/node_modules/glob": {
            "version": "7.1.2",
            "resolved": "https://registry.npmmirror.com/glob/-/glob-7.1.2.tgz",
            "integrity": "sha512-MJTUg1kjuLeQCJ+ccE4Vpa6kKVXkPYJ2mOCQyUuKLcLQsdrMCpBPUi8qVE6+YuaJkozeA9NusTAw3hLr8Xe5EQ==",
            "dev": true,
            "dependencies": {
                "fs.realpath": "^1.0.0",
                "inflight": "^1.0.4",
                "inherits": "2",
                "minimatch": "^3.0.4",
                "once": "^1.3.0",
                "path-is-absolute": "^1.0.0"
            },
            "engines": {
                "node": "*"
            }
        },
        "node_modules/mocha/node_modules/minimatch": {
            "version": "3.0.4",
            "resolved": "https://registry.npmmirror.com/minimatch/-/minimatch-3.0.4.tgz",
            "integrity": "sha512-yJHVQEhyqPLUTgt9B83PXu6W3rx4MvvHvSUvToogpwoGDOUQ+yDrR0HRot+yOCdCO7u4hX3pWft6kWBBcqh0UA==",
            "dev": true,
            "dependencies": {
                "brace-expansion": "^1.1.7"
            },
            "engines": {
                "node": "*"
            }
        },
        "node_modules/mocha/node_modules/ms": {
            "version": "2.0.0",
            "resolved": "https://registry.npmmirror.com/ms/-/ms-2.0.0.tgz",
            "integrity": "sha512-Tpp60P6IUJDTuOq/5Z8cdskzJujfwqfOTkrwIwj7IRISpnkJnT6SyJ4PCPnGMoFjC9ddhal5KVIYtAt97ix05A==",
            "dev": true
        },
        "node_modules/ms": {
            "version": "2.1.2",
            "resolved": "https://registry.npmmirror.com/ms/-/ms-2.1.2.tgz",
            "integrity": "sha512-sGkPx+VjMtmA6MX27oA4FBFELFCZZ4S4XqeGOXCv68tT+jb3vk/RyaKWP0PTKyWtmLSM0b+adUTEvbs1PEaH2w==",
            "dev": true
        },
        "node_modules/once": {
            "version": "1.4.0",
            "resolved": "https://registry.npmmirror.com/once/-/once-1.4.0.tgz",
            "integrity": "sha512-lNaJgI+2Q5URQBkccEKHTQOPaXdUxnZZElQTZY0MFUAuaEqe1E+Nyvgdz/aIyNi6Z9MzO5dv1H8n58/GELp3+w==",
            "dev": true,
            "dependencies": {
                "wrappy": "1"
            }
        },
        "node_modules/path-is-absolute": {
            "version": "1.0.1",
            "resolved": "https://registry.npmmirror.com/path-is-absolute/-/path-is-absolute-1.0.1.tgz",
            "integrity": "sha512-AVbw3UJ2e9bq64vSaS9Am0fje1Pa8pbGqTTsmXfaIiMpnr5DlDhfJOuLj9Sf95ZPVDAUerDfEk88MPmPe7UCQg==",
            "dev": true,
            "engines": {
                "node": ">=0.10.0"
            }
        },
        "node_modules/semver": {
            "version": "5.7.1",
            "resolved": "https://registry.npmmirror.com/semver/-/semver-5.7.1.tgz",
            "integrity": "sha512-sauaDf/PZdVgrLTNYHRtpXa1iRiKcaebiKQ1BJdpQlWH2lCvexQdX55snPFyK7QzpudqbCI0qXFfOasHdyNDGQ==",
            "dev": true,
            "bin": {
                "semver": "bin/semver"
            }
        },
        "node_modules/source-map": {
            "version": "0.6.1",
            "resolved": "https://registry.npmmirror.com/source-map/-/source-map-0.6.1.tgz",
            "integrity": "sha512-UjgapumWlbMhkBgzT7Ykc5YXUT46F0iKu8SGXq0bcwP5dz/h0Plj6enJqjz1Zbq2l5WaqYnrVbwWOWMyF3F47g==",
            "dev": true,
            "engines": {
                "node": ">=0.10.0"
            }
        },
        "node_modules/source-map-support": {
            "version": "0.5.21",
            "resolved": "https://registry.npmmirror.com/source-map-support/-/source-map-support-0.5.21.tgz",
            "integrity": "sha512-uBHU3L3czsIyYXKX88fdrGovxdSCoTGDRZ6SYXtSRxLZUzHg5P/66Ht6uoUlHu9EZod+inXhKo3qQgwXUT/y1w==",
            "dev": true,
            "dependencies": {
                "buffer-from": "^1.0.0",
                "source-map": "^0.6.0"
            }
        },
        "node_modules/supports-color": {
            "version": "5.4.0",
            "resolved": "https://registry.npmmirror.com/supports-color/-/supports-color-5.4.0.tgz",
            "integrity": "sha512-zjaXglF5nnWpsq470jSv6P9DwPvgLkuapYmfDm3JWOm0vkNTVF2tI4UrN2r6jH1qM/uc/WtxYY1hYoA2dOKj5w==",
            "dev": true,
            "dependencies": {
                "has-flag": "^3.0.0"
            },
            "engines": {
                "node": ">=4"
            }
        },
        "node_modules/typescript": {
            "version": "4.9.5",
            "resolved": "https://registry.npmmirror.com/typescript/-/typescript-4.9.5.tgz",
            "integrity": "sha512-1FXk9E2Hm+QzZQ7z+McJiHL4NW1F2EzMu9Nq9i3zAaGqibafqYwCVU6WyWAuyQRRzOlxou8xZSyXLEN8oKj24g==",
            "dev": true,
            "bin": {
                "tsc": "bin/tsc",
                "tsserver": "bin/tsserver"
            },
            "engines": {
                "node": ">=4.2.0"
            }
        },
        "node_modules/vscode": {
            "version": "1.1.37",
            "resolved": "https://registry.npmmirror.com/vscode/-/vscode-1.1.37.tgz",
            "integrity": "sha512-vJNj6IlN7IJPdMavlQa1KoFB3Ihn06q1AiN3ZFI/HfzPNzbKZWPPuiU+XkpNOfGU5k15m4r80nxNPlM7wcc0wg==",
            "deprecated": "This package is deprecated in favor of @types/vscode and vscode-test. For more information please read: https://code.visualstudio.com/updates/v1_36#_splitting-vscode-package-into-typesvscode-and-vscodetest",
            "dev": true,
            "dependencies": {
                "glob": "^7.1.2",
                "http-proxy-agent": "^4.0.1",
                "https-proxy-agent": "^5.0.0",
                "mocha": "^5.2.0",
                "semver": "^5.4.1",
                "source-map-support": "^0.5.0",
                "vscode-test": "^0.4.1"
            },
            "bin": {
                "vscode-install": "bin/install"
            },
            "engines": {
                "node": ">=8.9.3"
            }
        },
        "node_modules/vscode-test": {
            "version": "0.4.3",
            "resolved": "https://registry.npmmirror.com/vscode-test/-/vscode-test-0.4.3.tgz",
            "integrity": "sha512-EkMGqBSefZH2MgW65nY05rdRSko15uvzq4VAPM5jVmwYuFQKE7eikKXNJDRxL+OITXHB6pI+a3XqqD32Y3KC5w==",
            "deprecated": "This package has been renamed to @vscode/test-electron, please update to the new name",
            "dev": true,
            "dependencies": {
                "http-proxy-agent": "^2.1.0",
                "https-proxy-agent": "^2.2.1"
            },
            "engines": {
                "node": ">=8.9.3"
            }
        },
        "node_modules/vscode-test/node_modules/agent-base": {
            "version": "4.3.0",
            "resolved": "https://registry.npmmirror.com/agent-base/-/agent-base-4.3.0.tgz",
            "integrity": "sha512-salcGninV0nPrwpGNn4VTXBb1SOuXQBiqbrNXoeizJsHrsL6ERFM2Ne3JUSBWRE6aeNJI2ROP/WEEIDUiDe3cg==",
            "dev": true,
            "dependencies": {
                "es6-promisify": "^5.0.0"
            },
            "engines": {
                "node": ">= 4.0.0"
            }
        },
        "node_modules/vscode-test/node_modules/debug": {
            "version": "3.1.0",
            "resolved": "https://registry.npmmirror.com/debug/-/debug-3.1.0.tgz",
            "integrity": "sha512-OX8XqP7/1a9cqkxYw2yXss15f26NKWBpDXQd0/uK/KPqdQhxbPa994hnzjcE2VqQpDslf55723cKPUOGSmMY3g==",
            "dev": true,
            "dependencies": {
                "ms": "2.0.0"
            }
        },
        "node_modules/vscode-test/node_modules/http-proxy-agent": {
            "version": "2.1.0",
            "resolved": "https://registry.npmmirror.com/http-proxy-agent/-/http-proxy-agent-2.1.0.tgz",
            "integrity": "sha512-qwHbBLV7WviBl0rQsOzH6o5lwyOIvwp/BdFnvVxXORldu5TmjFfjzBcWUWS5kWAZhmv+JtiDhSuQCp4sBfbIgg==",
            "dev": true,
            "dependencies": {
                "agent-base": "4",
                "debug": "3.1.0"
            },
            "engines": {
                "node": ">= 4.5.0"
            }
        },
        "node_modules/vscode-test/node_modules/https-proxy-agent": {
            "version": "2.2.4",
            "resolved": "https://registry.npmmirror.com/https-proxy-agent/-/https-proxy-agent-2.2.4.tgz",
            "integrity": "sha512-OmvfoQ53WLjtA9HeYP9RNrWMJzzAz1JGaSFr1nijg0PVR1JaD/xbJq1mdEIIlxGpXp9eSe/O2LgU9DJmTPd0Eg==",
            "dev": true,
            "dependencies": {
                "agent-base": "^4.3.0",
                "debug": "^3.1.0"
            },
            "engines": {
                "node": ">= 4.5.0"
            }
        },
        "node_modules/vscode-test/node_modules/ms": {
            "version": "2.0.0",
            "resolved": "https://registry.npmmirror.com/ms/-/ms-2.0.0.tgz",
            "integrity": "sha512-Tpp60P6IUJDTuOq/5Z8cdskzJujfwqfOTkrwIwj7IRISpnkJnT6SyJ4PCPnGMoFjC9ddhal5KVIYtAt97ix05A==",
            "dev": true
        },
        "node_modules/wrappy": {
            "version": "1.0.2",
            "resolved": "https://registry.npmmirror.com/wrappy/-/wrappy-1.0.2.tgz",
            "integrity": "sha512-l4Sp/DRseor9wL6EvV2+TuQn63dMkPjZ/sp9XkghTEbV9KlPS1xUsZ3u7/IQO4wxtcFB4bgpQPRcR3QCvezPcQ==",
            "dev": true
        }
    },
    "dependencies": {
        "@tootallnate/once": {
            "version": "1.1.2",
            "resolved": "https://registry.npmmirror.com/@tootallnate/once/-/once-1.1.2.tgz",
            "integrity": "sha512-RbzJvlNzmRq5c3O09UipeuXno4tA1FE6ikOjxZK0tuxVv3412l64l5t1W5pj4+rJq9vpkm/kwiR07aZXnsKPxw==",
            "dev": true
        },
        "@types/mocha": {
            "version": "5.2.7",
            "resolved": "https://registry.npmmirror.com/@types/mocha/-/mocha-5.2.7.tgz",
            "integrity": "sha512-NYrtPht0wGzhwe9+/idPaBB+TqkY9AhTvOLMkThm0IoEfLaiVQZwBwyJ5puCkO3AUCWrmcoePjp2mbFocKy4SQ==",
            "dev": true
        },
        "@types/node": {
            "version": "12.20.55",
            "resolved": "https://registry.npmmirror.com/@types/node/-/node-12.20.55.tgz",
            "integrity": "sha512-J8xLz7q2OFulZ2cyGTLE1TbbZcjpno7FaN6zdJNrgAdrJ+DZzh/uFR6YrTb4C+nXakvud8Q4+rbhoIWlYQbUFQ==",
            "dev": true
        },
        "agent-base": {
            "version": "6.0.2",
            "resolved": "https://registry.npmmirror.com/agent-base/-/agent-base-6.0.2.tgz",
            "integrity": "sha512-RZNwNclF7+MS/8bDg70amg32dyeZGZxiDuQmZxKLAlQjr3jGyLx+4Kkk58UO7D2QdgFIQCovuSuZESne6RG6XQ==",
            "dev": true,
            "requires": {
                "debug": "4"
            }
        },
        "balanced-match": {
            "version": "1.0.2",
            "resolved": "https://registry.npmmirror.com/balanced-match/-/balanced-match-1.0.2.tgz",
            "integrity": "sha512-3oSeUO0TMV67hN1AmbXsK4yaqU7tjiHlbxRDZOpH0KW9+CeX4bRAaX0Anxt0tx2MrpRpWwQaPwIlISEJhYU5Pw==",
            "dev": true
        },
        "brace-expansion": {
            "version": "1.1.11",
            "resolved": "https://registry.npmmirror.com/brace-expansion/-/brace-expansion-1.1.11.tgz",
            "integrity": "sha512-iCuPHDFgrHX7H2vEI/5xpz07zSHB00TpugqhmYtVmMO6518mCuRMoOYFldEBl0g187ufozdaHgWKcYFb61qGiA==",
            "dev": true,
            "requires": {
                "balanced-match": "^1.0.0",
                "concat-map": "0.0.1"
            }
        },
        "browser-stdout": {
            "version": "1.3.1",
            "resolved": "https://registry.npmmirror.com/browser-stdout/-/browser-stdout-1.3.1.tgz",
            "integrity": "sha512-qhAVI1+Av2X7qelOfAIYwXONood6XlZE/fXaBSmW/T5SzLAmCgzi+eiWE7fUvbHaeNBQH13UftjpXxsfLkMpgw==",
            "dev": true
        },
        "buffer-from": {
            "version": "1.1.2",
            "resolved": "https://registry.npmmirror.com/buffer-from/-/buffer-from-1.1.2.tgz",
            "integrity": "sha512-E+XQCRwSbaaiChtv6k6Dwgc+bx+Bs6vuKJHHl5kox/BaKbhiXzqQOwK4cO22yElGp2OCmjwVhT3HmxgyPGnJfQ==",
            "dev": true
        },
        "commander": {
            "version": "2.15.1",
            "resolved": "https://registry.npmmirror.com/commander/-/commander-2.15.1.tgz",
            "integrity": "sha512-VlfT9F3V0v+jr4yxPc5gg9s62/fIVWsd2Bk2iD435um1NlGMYdVCq+MjcXnhYq2icNOizHr1kK+5TI6H0Hy0ag==",
            "dev": true
        },
        "concat-map": {
            "version": "0.0.1",
            "resolved": "https://registry.npmmirror.com/concat-map/-/concat-map-0.0.1.tgz",
            "integrity": "sha512-/Srv4dswyQNBfohGpz9o6Yb3Gz3SrUDqBH5rTuhGR7ahtlbYKnVxw2bCFMRljaA7EXHaXZ8wsHdodFvbkhKmqg==",
            "dev": true
        },
        "debug": {
            "version": "4.3.4",
            "resolved": "https://registry.npmmirror.com/debug/-/debug-4.3.4.tgz",
            "integrity": "sha512-PRWFHuSU3eDtQJPvnNY7Jcket1j0t5OuOsFzPPzsekD52Zl8qUfFIPEiswXqIvHWGVHOgX+7G/vCNNhehwxfkQ==",
            "dev": true,
            "requires": {
                "ms": "2.1.2"
            }
        },
        "diff": {
            "version": "3.5.0",
            "resolved": "https://registry.npmmirror.com/diff/-/diff-3.5.0.tgz",
            "integrity": "sha512-A46qtFgd+g7pDZinpnwiRJtxbC1hpgf0uzP3iG89scHk0AUC7A1TGxf5OiiOUv/JMZR8GOt8hL900hV0bOy5xA==",
            "dev": true
        },
        "es6-promise": {
            "version": "4.2.8",
            "resolved": "https://registry.npmmirror.com/es6-promise/-/es6-promise-4.2.8.tgz",
            "integrity": "sha512-HJDGx5daxeIvxdBxvG2cb9g4tEvwIk3i8+nhX0yGrYmZUzbkdg8QbDevheDB8gd0//uPj4c1EQua8Q+MViT0/w==",
            "dev": true
        },
        "es6-promisify": {
            "version": "5.0.0",
            "resolved": "https://registry.npmmirror.com/es6-promisify/-/es6-promisify-5.0.0.tgz",
            "integrity": "sha512-C+d6UdsYDk0lMebHNR4S2NybQMMngAOnOwYBQjTOiv0MkoJMP0Myw2mgpDLBcpfCmRLxyFqYhS/CfOENq4SJhQ==",
            "dev": true,
            "requires": {
                "es6-promise": "^4.0.3"
            }
        },
        "escape-string-regexp": {
            "version": "1.0.5",
            "resolved": "https://registry.npmmirror.com/escape-string-regexp/-/escape-string-regexp-1.0.5.tgz",
            "integrity": "sha512-vbRorB5FUQWvla16U8R/qgaFIya2qGzwDrNmCZuYKrbdSUMG6I1ZCGQRefkRVhuOkIGVne7BQ35DSfo1qvJqFg==",
            "dev": true
        },
        "fs.realpath": {
            "version": "1.0.0",
            "resolved": "https://registry.npmmirror.com/fs.realpath/-/fs.realpath-1.0.0.tgz",
            "integrity": "sha512-OO0pH2lK6a0hZnAdau5ItzHPI6pUlvI7jMVnxUQRtw4owF2wk8lOSabtGDCTP4Ggrg2MbGnWO9X8K1t4+fGMDw==",
            "dev": true
        },
        "glob": {
            "version": "7.2.3",
            "resolved": "https://registry.npmmirror.com/glob/-/glob-7.2.3.tgz",
            "integrity": "sha512-nFR0zLpU2YCaRxwoCJvL6UvCH2JFyFVIvwTLsIf21AuHlMskA1hhTdk+LlYJtOlYt9v6dvszD2BGRqBL+iQK9Q==",
            "dev": true,
            "requires": {
                "fs.realpath": "^1.0.0",
                "inflight": "^1.0.4",
                "inherits": "2",
                "minimatch": "^3.1.1",
                "once": "^1.3.0",
                "path-is-absolute": "^1.0.0"
            }
        },
        "growl": {
            "version": "1.10.5",
            "resolved": "https://registry.npmmirror.com/growl/-/growl-1.10.5.tgz",
            "integrity": "sha512-qBr4OuELkhPenW6goKVXiv47US3clb3/IbuWF9KNKEijAy9oeHxU9IgzjvJhHkUzhaj7rOUD7+YGWqUjLp5oSA==",
            "dev": true
        },
        "has-flag": {
            "version": "3.0.0",
            "resolved": "https://registry.npmmirror.com/has-flag/-/has-flag-3.0.0.tgz",
            "integrity": "sha512-sKJf1+ceQBr4SMkvQnBDNDtf4TXpVhVGateu0t918bl30FnbE2m4vNLX+VWe/dpjlb+HugGYzW7uQXH98HPEYw==",
            "dev": true
        },
        "he": {
            "version": "1.1.1",
            "resolved": "https://registry.npmmirror.com/he/-/he-1.1.1.tgz",
            "integrity": "sha512-z/GDPjlRMNOa2XJiB4em8wJpuuBfrFOlYKTZxtpkdr1uPdibHI8rYA3MY0KDObpVyaes0e/aunid/t88ZI2EKA==",
            "dev": true
        },
        "http-proxy-agent": {
            "version": "4.0.1",
            "resolved": "https://registry.npmmirror.com/http-proxy-agent/-/http-proxy-agent-4.0.1.tgz",
            "integrity": "sha512-k0zdNgqWTGA6aeIRVpvfVob4fL52dTfaehylg0Y4UvSySvOq/Y+BOyPrgpUrA7HylqvU8vIZGsRuXmspskV0Tg==",
            "dev": true,
            "requires": {
                "@tootallnate/once": "1",
                "agent-base": "6",
                "debug": "4"
            }
        },
        "https-proxy-agent": {
            "version": "5.0.1",
            "resolved": "https://registry.npmmirror.com/https-proxy-agent/-/https-proxy-agent-5.0.1.tgz",
            "integrity": "sha512-dFcAjpTQFgoLMzC2VwU+C/CbS7uRL0lWmxDITmqm7C+7F0Odmj6s9l6alZc6AELXhrnggM2CeWSXHGOdX2YtwA==",
            "dev": true,
            "requires": {
                "agent-base": "6",
                "debug": "4"
            }
        },
        "inflight": {
            "version": "1.0.6",
            "resolved": "https://registry.npmmirror.com/inflight/-/inflight-1.0.6.tgz",
            "integrity": "sha512-k92I/b08q4wvFscXCLvqfsHCrjrF7yiXsQuIVvVE7N82W3+aqpzuUdBbfhWcy/FZR3/4IgflMgKLOsvPDrGCJA==",
            "dev": true,
            "requires": {
                "once": "^1.3.0",
                "wrappy": "1"
            }
        },
        "inherits": {
            "version": "2.0.4",
            "resolved": "https://registry.npmmirror.com/inherits/-/inherits-2.0.4.tgz",
            "integrity": "sha512-k/vGaX4/Yla3WzyMCvTQOXYeIHvqOKtnqBduzTHpzpQZzAskKMhZ2K+EnBiSM9zGSoIFeMpXKxa4dYeZIQqewQ==",
            "dev": true
        },
        "minimatch": {
            "version": "3.1.2",
            "resolved": "https://registry.npmmirror.com/minimatch/-/minimatch-3.1.2.tgz",
            "integrity": "sha512-J7p63hRiAjw1NDEww1W7i37+ByIrOWO5XQQAzZ3VOcL0PNybwpfmV/N05zFAzwQ9USyEcX6t3UO+K5aqBQOIHw==",
            "dev": true,
            "requires": {
                "brace-expansion": "^1.1.7"
            }
        },
        "minimist": {
            "version": "0.0.8",
            "resolved": "https://registry.npmmirror.com/minimist/-/minimist-0.0.8.tgz",
            "integrity": "sha512-miQKw5Hv4NS1Psg2517mV4e4dYNaO3++hjAvLOAzKqZ61rH8NS1SK+vbfBWZ5PY/Me/bEWhUwqMghEW5Fb9T7Q==",
            "dev": true
        },
        "mkdirp": {
            "version": "0.5.1",
            "resolved": "https://registry.npmmirror.com/mkdirp/-/mkdirp-0.5.1.tgz",
            "integrity": "sha512-SknJC52obPfGQPnjIkXbmA6+5H15E+fR+E4iR2oQ3zzCLbd7/ONua69R/Gw7AgkTLsRG+r5fzksYwWe1AgTyWA==",
            "dev": true,
            "requires": {
                "minimist": "0.0.8"
            }
        },
        "mocha": {
            "version": "5.2.0",
            "resolved": "https://registry.npmmirror.com/mocha/-/mocha-5.2.0.tgz",
            "integrity": "sha512-2IUgKDhc3J7Uug+FxMXuqIyYzH7gJjXECKe/w43IGgQHTSj3InJi+yAA7T24L9bQMRKiUEHxEX37G5JpVUGLcQ==",
            "dev": true,
            "requires": {
                "browser-stdout": "1.3.1",
                "commander": "2.15.1",
                "debug": "3.1.0",
                "diff": "3.5.0",
                "escape-string-regexp": "1.0.5",
                "glob": "7.1.2",
                "growl": "1.10.5",
                "he": "1.1.1",
                "minimatch": "3.0.4",
                "mkdirp": "0.5.1",
                "supports-color": "5.4.0"
            },
            "dependencies": {
                "debug": {
                    "version": "3.1.0",
                    "resolved": "https://registry.npmmirror.com/debug/-/debug-3.1.0.tgz",
                    "integrity": "sha512-OX8XqP7/1a9cqkxYw2yXss15f26NKWBpDXQd0/uK/KPqdQhxbPa994hnzjcE2VqQpDslf55723cKPUOGSmMY3g==",
                    "dev": true,
                    "requires": {
                        "ms": "2.0.0"
                    }
                },
                "glob": {
                    "version": "7.1.2",
                    "resolved": "https://registry.npmmirror.com/glob/-/glob-7.1.2.tgz",
                    "integrity": "sha512-MJTUg1kjuLeQCJ+ccE4Vpa6kKVXkPYJ2mOCQyUuKLcLQsdrMCpBPUi8qVE6+YuaJkozeA9NusTAw3hLr8Xe5EQ==",
                    "dev": true,
                    "requires": {
                        "fs.realpath": "^1.0.0",
                        "inflight": "^1.0.4",
                        "inherits": "2",
                        "minimatch": "^3.0.4",
                        "once": "^1.3.0",
                        "path-is-absolute": "^1.0.0"
                    }
                },
                "minimatch": {
                    "version": "3.0.4",
                    "resolved": "https://registry.npmmirror.com/minimatch/-/minimatch-3.0.4.tgz",
                    "integrity": "sha512-yJHVQEhyqPLUTgt9B83PXu6W3rx4MvvHvSUvToogpwoGDOUQ+yDrR0HRot+yOCdCO7u4hX3pWft6kWBBcqh0UA==",
                    "dev": true,
                    "requires": {
                        "brace-expansion": "^1.1.7"
                    }
                },
                "ms": {
                    "version": "2.0.0",
                    "resolved": "https://registry.npmmirror.com/ms/-/ms-2.0.0.tgz",
                    "integrity": "sha512-Tpp60P6IUJDTuOq/5Z8cdskzJujfwqfOTkrwIwj7IRISpnkJnT6SyJ4PCPnGMoFjC9ddhal5KVIYtAt97ix05A==",
                    "dev": true
                }
            }
        },
        "ms": {
            "version": "2.1.2",
            "resolved": "https://registry.npmmirror.com/ms/-/ms-2.1.2.tgz",
            "integrity": "sha512-sGkPx+VjMtmA6MX27oA4FBFELFCZZ4S4XqeGOXCv68tT+jb3vk/RyaKWP0PTKyWtmLSM0b+adUTEvbs1PEaH2w==",
            "dev": true
        },
        "once": {
            "version": "1.4.0",
            "resolved": "https://registry.npmmirror.com/once/-/once-1.4.0.tgz",
            "integrity": "sha512-lNaJgI+2Q5URQBkccEKHTQOPaXdUxnZZElQTZY0MFUAuaEqe1E+Nyvgdz/aIyNi6Z9MzO5dv1H8n58/GELp3+w==",
            "dev": true,
            "requires": {
                "wrappy": "1"
            }
        },
        "path-is-absolute": {
            "version": "1.0.1",
            "resolved": "https://registry.npmmirror.com/path-is-absolute/-/path-is-absolute-1.0.1.tgz",
            "integrity": "sha512-AVbw3UJ2e9bq64vSaS9Am0fje1Pa8pbGqTTsmXfaIiMpnr5DlDhfJOuLj9Sf95ZPVDAUerDfEk88MPmPe7UCQg==",
            "dev": true
        },
        "semver": {
            "version": "5.7.1",
            "resolved": "https://registry.npmmirror.com/semver/-/semver-5.7.1.tgz",
            "integrity": "sha512-sauaDf/PZdVgrLTNYHRtpXa1iRiKcaebiKQ1BJdpQlWH2lCvexQdX55snPFyK7QzpudqbCI0qXFfOasHdyNDGQ==",
            "dev": true
        },
        "source-map": {
            "version": "0.6.1",
            "resolved": "https://registry.npmmirror.com/source-map/-/source-map-0.6.1.tgz",
            "integrity": "sha512-UjgapumWlbMhkBgzT7Ykc5YXUT46F0iKu8SGXq0bcwP5dz/h0Plj6enJqjz1Zbq2l5WaqYnrVbwWOWMyF3F47g==",
            "dev": true
        },
        "source-map-support": {
            "version": "0.5.21",
            "resolved": "https://registry.npmmirror.com/source-map-support/-/source-map-support-0.5.21.tgz",
            "integrity": "sha512-uBHU3L3czsIyYXKX88fdrGovxdSCoTGDRZ6SYXtSRxLZUzHg5P/66Ht6uoUlHu9EZod+inXhKo3qQgwXUT/y1w==",
            "dev": true,
            "requires": {
                "buffer-from": "^1.0.0",
                "source-map": "^0.6.0"
            }
        },
        "supports-color": {
            "version": "5.4.0",
            "resolved": "https://registry.npmmirror.com/supports-color/-/supports-color-5.4.0.tgz",
            "integrity": "sha512-zjaXglF5nnWpsq470jSv6P9DwPvgLkuapYmfDm3JWOm0vkNTVF2tI4UrN2r6jH1qM/uc/WtxYY1hYoA2dOKj5w==",
            "dev": true,
            "requires": {
                "has-flag": "^3.0.0"
            }
        },
        "typescript": {
            "version": "4.9.5",
            "resolved": "https://registry.npmmirror.com/typescript/-/typescript-4.9.5.tgz",
            "integrity": "sha512-1FXk9E2Hm+QzZQ7z+McJiHL4NW1F2EzMu9Nq9i3zAaGqibafqYwCVU6WyWAuyQRRzOlxou8xZSyXLEN8oKj24g==",
            "dev": true
        },
        "vscode": {
            "version": "1.1.37",
            "resolved": "https://registry.npmmirror.com/vscode/-/vscode-1.1.37.tgz",
            "integrity": "sha512-vJNj6IlN7IJPdMavlQa1KoFB3Ihn06q1AiN3ZFI/HfzPNzbKZWPPuiU+XkpNOfGU5k15m4r80nxNPlM7wcc0wg==",
            "dev": true,
            "requires": {
                "glob": "^7.1.2",
                "http-proxy-agent": "^4.0.1",
                "https-proxy-agent": "^5.0.0",
                "mocha": "^5.2.0",
                "semver": "^5.4.1",
                "source-map-support": "^0.5.0",
                "vscode-test": "^0.4.1"
            }
        },
        "vscode-test": {
            "version": "0.4.3",
            "resolved": "https://registry.npmmirror.com/vscode-test/-/vscode-test-0.4.3.tgz",
            "integrity": "sha512-EkMGqBSefZH2MgW65nY05rdRSko15uvzq4VAPM5jVmwYuFQKE7eikKXNJDRxL+OITXHB6pI+a3XqqD32Y3KC5w==",
            "dev": true,
            "requires": {
                "http-proxy-agent": "^2.1.0",
                "https-proxy-agent": "^2.2.1"
            },
            "dependencies": {
                "agent-base": {
                    "version": "4.3.0",
                    "resolved": "https://registry.npmmirror.com/agent-base/-/agent-base-4.3.0.tgz",
                    "integrity": "sha512-salcGninV0nPrwpGNn4VTXBb1SOuXQBiqbrNXoeizJsHrsL6ERFM2Ne3JUSBWRE6aeNJI2ROP/WEEIDUiDe3cg==",
                    "dev": true,
                    "requires": {
                        "es6-promisify": "^5.0.0"
                    }
                },
                "debug": {
                    "version": "3.1.0",
                    "resolved": "https://registry.npmmirror.com/debug/-/debug-3.1.0.tgz",
                    "integrity": "sha512-OX8XqP7/1a9cqkxYw2yXss15f26NKWBpDXQd0/uK/KPqdQhxbPa994hnzjcE2VqQpDslf55723cKPUOGSmMY3g==",
                    "dev": true,
                    "requires": {
                        "ms": "2.0.0"
                    }
                },
                "http-proxy-agent": {
                    "version": "2.1.0",
                    "resolved": "https://registry.npmmirror.com/http-proxy-agent/-/http-proxy-agent-2.1.0.tgz",
                    "integrity": "sha512-qwHbBLV7WviBl0rQsOzH6o5lwyOIvwp/BdFnvVxXORldu5TmjFfjzBcWUWS5kWAZhmv+JtiDhSuQCp4sBfbIgg==",
                    "dev": true,
                    "requires": {
                        "agent-base": "4",
                        "debug": "3.1.0"
                    }
                },
                "https-proxy-agent": {
                    "version": "2.2.4",
                    "resolved": "https://registry.npmmirror.com/https-proxy-agent/-/https-proxy-agent-2.2.4.tgz",
                    "integrity": "sha512-OmvfoQ53WLjtA9HeYP9RNrWMJzzAz1JGaSFr1nijg0PVR1JaD/xbJq1mdEIIlxGpXp9eSe/O2LgU9DJmTPd0Eg==",
                    "dev": true,
                    "requires": {
                        "agent-base": "^4.3.0",
                        "debug": "^3.1.0"
                    }
                },
                "ms": {
                    "version": "2.0.0",
                    "resolved": "https://registry.npmmirror.com/ms/-/ms-2.0.0.tgz",
                    "integrity": "sha512-Tpp60P6IUJDTuOq/5Z8cdskzJujfwqfOTkrwIwj7IRISpnkJnT6SyJ4PCPnGMoFjC9ddhal5KVIYtAt97ix05A==",
                    "dev": true
                }
            }
        },
        "wrappy": {
            "version": "1.0.2",
            "resolved": "https://registry.npmmirror.com/wrappy/-/wrappy-1.0.2.tgz",
            "integrity": "sha512-l4Sp/DRseor9wL6EvV2+TuQn63dMkPjZ/sp9XkghTEbV9KlPS1xUsZ3u7/IQO4wxtcFB4bgpQPRcR3QCvezPcQ==",
            "dev": true
        }
    }
}
